// !$*UTF8*$!
{
	archiveVersion = 1;
	classes = {
	};
	objectVersion = 77;
	objects = {

/* Begin PBXBuildFile section */
		F59C39F52CFB1F8E002AD9DA /* ToMyongJi_iOSApp.swift in Sources */ = {isa = PBXBuildFile; fileRef = F59C39F32CFB1F8E002AD9DA /* ToMyongJi_iOSApp.swift */; };
		F59C39F62CFB1F8E002AD9DA /* ContentView.swift in Sources */ = {isa = PBXBuildFile; fileRef = F59C39EA2CFB1F8E002AD9DA /* ContentView.swift */; };
		F59C39F72CFB1F8E002AD9DA /* Assets.xcassets in Resources */ = {isa = PBXBuildFile; fileRef = F59C39F02CFB1F8E002AD9DA /* Assets.xcassets */; };
		F59C39F82CFB1F8E002AD9DA /* Preview Assets.xcassets in Resources */ = {isa = PBXBuildFile; fileRef = F59C39EE2CFB1F8E002AD9DA /* Preview Assets.xcassets */; };
		F59C39FE2CFB21D5002AD9DA /* MainTabView.swift in Sources */ = {isa = PBXBuildFile; fileRef = F59C39FD2CFB21D5002AD9DA /* MainTabView.swift */; };
		F59C3A112CFB28D6002AD9DA /* Alamofire in Frameworks */ = {isa = PBXBuildFile; productRef = F59C3A102CFB28D6002AD9DA /* Alamofire */; };
		F59C3A142CFB2C58002AD9DA /* Nuke in Frameworks */ = {isa = PBXBuildFile; productRef = F59C3A132CFB2C58002AD9DA /* Nuke */; };
		F59C3A162CFB2C58002AD9DA /* NukeUI in Frameworks */ = {isa = PBXBuildFile; productRef = F59C3A152CFB2C58002AD9DA /* NukeUI */; };
/* End PBXBuildFile section */

/* Begin PBXFileReference section */
		F50703992CFABC0D00D0817A /* ToMyongJi-iOS.app */ = {isa = PBXFileReference; explicitFileType = wrapper.application; includeInIndex = 0; path = "ToMyongJi-iOS.app"; sourceTree = BUILT_PRODUCTS_DIR; };
		F59C39EA2CFB1F8E002AD9DA /* ContentView.swift */ = {isa = PBXFileReference; lastKnownFileType = sourcecode.swift; path = ContentView.swift; sourceTree = "<group>"; };
		F59C39EE2CFB1F8E002AD9DA /* Preview Assets.xcassets */ = {isa = PBXFileReference; lastKnownFileType = folder.assetcatalog; path = "Preview Assets.xcassets"; sourceTree = "<group>"; };
		F59C39F02CFB1F8E002AD9DA /* Assets.xcassets */ = {isa = PBXFileReference; lastKnownFileType = folder.assetcatalog; path = Assets.xcassets; sourceTree = "<group>"; };
		F59C39F32CFB1F8E002AD9DA /* ToMyongJi_iOSApp.swift */ = {isa = PBXFileReference; lastKnownFileType = sourcecode.swift; path = ToMyongJi_iOSApp.swift; sourceTree = "<group>"; };
		F59C39FD2CFB21D5002AD9DA /* MainTabView.swift */ = {isa = PBXFileReference; lastKnownFileType = sourcecode.swift; path = MainTabView.swift; sourceTree = "<group>"; };
		F59C3A262CFB2FA2002AD9DA /* Info.plist */ = {isa = PBXFileReference; lastKnownFileType = text.plist.xml; path = Info.plist; sourceTree = "<group>"; };
/* End PBXFileReference section */

/* Begin PBXFileSystemSynchronizedRootGroup section */
		F56DE3CB2D1819F300319613 /* Intro */ = {
			isa = PBXFileSystemSynchronizedRootGroup;
			path = Intro;
			sourceTree = "<group>";
		};
		F59C39FF2CFB22B7002AD9DA /* Receipts */ = {
			isa = PBXFileSystemSynchronizedRootGroup;
			path = Receipts;
			sourceTree = "<group>";
		};
		F59C3A072CFB240A002AD9DA /* Shared */ = {
			isa = PBXFileSystemSynchronizedRootGroup;
			path = Shared;
			sourceTree = "<group>";
		};
		F59C3A082CFB2414002AD9DA /* CoreServices */ = {
			isa = PBXFileSystemSynchronizedRootGroup;
			path = CoreServices;
			sourceTree = "<group>";
		};
		F59C3A0B2CFB24F9002AD9DA /* Profile */ = {
			isa = PBXFileSystemSynchronizedRootGroup;
			path = Profile;
			sourceTree = "<group>";
		};
		F59C3A172CFB2D11002AD9DA /* Fonts */ = {
			isa = PBXFileSystemSynchronizedRootGroup;
			path = Fonts;
			sourceTree = "<group>";
		};
		F5DA158C2D2BC75400210DB8 /* Authentication */ = {
			isa = PBXFileSystemSynchronizedRootGroup;
			path = Authentication;
			sourceTree = "<group>";
		};
		F5DA2A082D01D0C600A51E62 /* CollegeAndClubs */ = {
			isa = PBXFileSystemSynchronizedRootGroup;
			path = CollegeAndClubs;
			sourceTree = "<group>";
		};
		F5EEE1A52CFC8084009B2270 /* SplashScreen */ = {
			isa = PBXFileSystemSynchronizedRootGroup;
			path = SplashScreen;
			sourceTree = "<group>";
		};
/* End PBXFileSystemSynchronizedRootGroup section */

/* Begin PBXFrameworksBuildPhase section */
		F50703962CFABC0D00D0817A /* Frameworks */ = {
			isa = PBXFrameworksBuildPhase;
			buildActionMask = 2147483647;
			files = (
				F59C3A162CFB2C58002AD9DA /* NukeUI in Frameworks */,
				F59C3A112CFB28D6002AD9DA /* Alamofire in Frameworks */,
				F59C3A142CFB2C58002AD9DA /* Nuke in Frameworks */,
			);
			runOnlyForDeploymentPostprocessing = 0;
		};
/* End PBXFrameworksBuildPhase section */

/* Begin PBXGroup section */
		F50703902CFABC0D00D0817A = {
			isa = PBXGroup;
			children = (
				F59C39F42CFB1F8E002AD9DA /* ToMyongJi-iOS */,
				F507039A2CFABC0D00D0817A /* Products */,
			);
			sourceTree = "<group>";
		};
		F507039A2CFABC0D00D0817A /* Products */ = {
			isa = PBXGroup;
			children = (
				F50703992CFABC0D00D0817A /* ToMyongJi-iOS.app */,
			);
			name = Products;
			sourceTree = "<group>";
		};
		F59C39EB2CFB1F8E002AD9DA /* Views */ = {
			isa = PBXGroup;
			children = (
				F59C39FD2CFB21D5002AD9DA /* MainTabView.swift */,
			);
			path = Views;
			sourceTree = "<group>";
		};
		F59C39EC2CFB1F8E002AD9DA /* Main */ = {
			isa = PBXGroup;
			children = (
				F59C39EB2CFB1F8E002AD9DA /* Views */,
			);
			path = Main;
			sourceTree = "<group>";
		};
		F59C39ED2CFB1F8E002AD9DA /* Features */ = {
			isa = PBXGroup;
			children = (
				F56DE3CB2D1819F300319613 /* Intro */,
				F5EEE1A52CFC8084009B2270 /* SplashScreen */,
				F59C39EC2CFB1F8E002AD9DA /* Main */,
				F5DA2A082D01D0C600A51E62 /* CollegeAndClubs */,
				F59C39FF2CFB22B7002AD9DA /* Receipts */,
				F5DA158C2D2BC75400210DB8 /* Authentication */,
				F59C3A0B2CFB24F9002AD9DA /* Profile */,
			);
			path = Features;
			sourceTree = "<group>";
		};
		F59C39EF2CFB1F8E002AD9DA /* Preview Content */ = {
			isa = PBXGroup;
			children = (
				F59C39EE2CFB1F8E002AD9DA /* Preview Assets.xcassets */,
			);
			path = "Preview Content";
			sourceTree = "<group>";
		};
		F59C39F12CFB1F8E002AD9DA /* Resources */ = {
			isa = PBXGroup;
			children = (
				F59C39F02CFB1F8E002AD9DA /* Assets.xcassets */,
				F59C3A172CFB2D11002AD9DA /* Fonts */,
				F59C39EF2CFB1F8E002AD9DA /* Preview Content */,
			);
			path = Resources;
			sourceTree = "<group>";
		};
		F59C39F42CFB1F8E002AD9DA /* ToMyongJi-iOS */ = {
			isa = PBXGroup;
			children = (
				F59C3A262CFB2FA2002AD9DA /* Info.plist */,
				F59C39F32CFB1F8E002AD9DA /* ToMyongJi_iOSApp.swift */,
				F59C39EA2CFB1F8E002AD9DA /* ContentView.swift */,
				F59C39ED2CFB1F8E002AD9DA /* Features */,
				F59C3A072CFB240A002AD9DA /* Shared */,
				F59C3A082CFB2414002AD9DA /* CoreServices */,
				F59C39F12CFB1F8E002AD9DA /* Resources */,
			);
			path = "ToMyongJi-iOS";
			sourceTree = "<group>";
		};
/* End PBXGroup section */

/* Begin PBXNativeTarget section */
		F50703982CFABC0D00D0817A /* ToMyongJi-iOS */ = {
			isa = PBXNativeTarget;
			buildConfigurationList = F50703A72CFABC0E00D0817A /* Build configuration list for PBXNativeTarget "ToMyongJi-iOS" */;
			buildPhases = (
				F50703952CFABC0D00D0817A /* Sources */,
				F50703962CFABC0D00D0817A /* Frameworks */,
				F50703972CFABC0D00D0817A /* Resources */,
			);
			buildRules = (
			);
			dependencies = (
			);
			fileSystemSynchronizedGroups = (
				F56DE3CB2D1819F300319613 /* Intro */,
				F59C39FF2CFB22B7002AD9DA /* Receipts */,
				F59C3A072CFB240A002AD9DA /* Shared */,
				F59C3A082CFB2414002AD9DA /* CoreServices */,
				F59C3A0B2CFB24F9002AD9DA /* Profile */,
				F59C3A172CFB2D11002AD9DA /* Fonts */,
				F5DA158C2D2BC75400210DB8 /* Authentication */,
				F5DA2A082D01D0C600A51E62 /* CollegeAndClubs */,
				F5EEE1A52CFC8084009B2270 /* SplashScreen */,
			);
			name = "ToMyongJi-iOS";
			packageProductDependencies = (
				F59C3A102CFB28D6002AD9DA /* Alamofire */,
				F59C3A132CFB2C58002AD9DA /* Nuke */,
				F59C3A152CFB2C58002AD9DA /* NukeUI */,
			);
			productName = "ToMyongJi-iOS";
			productReference = F50703992CFABC0D00D0817A /* ToMyongJi-iOS.app */;
			productType = "com.apple.product-type.application";
		};
/* End PBXNativeTarget section */

/* Begin PBXProject section */
		F50703912CFABC0D00D0817A /* Project object */ = {
			isa = PBXProject;
			attributes = {
				BuildIndependentTargetsInParallel = 1;
				LastSwiftUpdateCheck = 1610;
				LastUpgradeCheck = 1610;
				TargetAttributes = {
					F50703982CFABC0D00D0817A = {
						CreatedOnToolsVersion = 16.1;
					};
				};
			};
			buildConfigurationList = F50703942CFABC0D00D0817A /* Build configuration list for PBXProject "ToMyongJi-iOS" */;
			developmentRegion = en;
			hasScannedForEncodings = 0;
			knownRegions = (
				en,
				Base,
			);
			mainGroup = F50703902CFABC0D00D0817A;
			minimizedProjectReferenceProxies = 1;
			packageReferences = (
				F59C3A0F2CFB28D6002AD9DA /* XCRemoteSwiftPackageReference "Alamofire" */,
				F59C3A122CFB2C58002AD9DA /* XCRemoteSwiftPackageReference "Nuke" */,
			);
			preferredProjectObjectVersion = 77;
			productRefGroup = F507039A2CFABC0D00D0817A /* Products */;
			projectDirPath = "";
			projectRoot = "";
			targets = (
				F50703982CFABC0D00D0817A /* ToMyongJi-iOS */,
			);
		};
/* End PBXProject section */

/* Begin PBXResourcesBuildPhase section */
		F50703972CFABC0D00D0817A /* Resources */ = {
			isa = PBXResourcesBuildPhase;
			buildActionMask = 2147483647;
			files = (
				F59C39F72CFB1F8E002AD9DA /* Assets.xcassets in Resources */,
				F59C39F82CFB1F8E002AD9DA /* Preview Assets.xcassets in Resources */,
			);
			runOnlyForDeploymentPostprocessing = 0;
		};
/* End PBXResourcesBuildPhase section */

/* Begin PBXSourcesBuildPhase section */
		F50703952CFABC0D00D0817A /* Sources */ = {
			isa = PBXSourcesBuildPhase;
			buildActionMask = 2147483647;
			files = (
				F59C39F52CFB1F8E002AD9DA /* ToMyongJi_iOSApp.swift in Sources */,
				F59C39F62CFB1F8E002AD9DA /* ContentView.swift in Sources */,
				F59C39FE2CFB21D5002AD9DA /* MainTabView.swift in Sources */,
			);
			runOnlyForDeploymentPostprocessing = 0;
		};
/* End PBXSourcesBuildPhase section */

/* Begin XCBuildConfiguration section */
		F50703A52CFABC0E00D0817A /* Debug */ = {
			isa = XCBuildConfiguration;
			buildSettings = {
				ALWAYS_SEARCH_USER_PATHS = NO;
				ASSETCATALOG_COMPILER_GENERATE_SWIFT_ASSET_SYMBOL_EXTENSIONS = YES;
				CLANG_ANALYZER_NONNULL = YES;
				CLANG_ANALYZER_NUMBER_OBJECT_CONVERSION = YES_AGGRESSIVE;
				CLANG_CXX_LANGUAGE_STANDARD = "gnu++20";
				CLANG_ENABLE_MODULES = YES;
				CLANG_ENABLE_OBJC_ARC = YES;
				CLANG_ENABLE_OBJC_WEAK = YES;
				CLANG_WARN_BLOCK_CAPTURE_AUTORELEASING = YES;
				CLANG_WARN_BOOL_CONVERSION = YES;
				CLANG_WARN_COMMA = YES;
				CLANG_WARN_CONSTANT_CONVERSION = YES;
				CLANG_WARN_DEPRECATED_OBJC_IMPLEMENTATIONS = YES;
				CLANG_WARN_DIRECT_OBJC_ISA_USAGE = YES_ERROR;
				CLANG_WARN_DOCUMENTATION_COMMENTS = YES;
				CLANG_WARN_EMPTY_BODY = YES;
				CLANG_WARN_ENUM_CONVERSION = YES;
				CLANG_WARN_INFINITE_RECURSION = YES;
				CLANG_WARN_INT_CONVERSION = YES;
				CLANG_WARN_NON_LITERAL_NULL_CONVERSION = YES;
				CLANG_WARN_OBJC_IMPLICIT_RETAIN_SELF = YES;
				CLANG_WARN_OBJC_LITERAL_CONVERSION = YES;
				CLANG_WARN_OBJC_ROOT_CLASS = YES_ERROR;
				CLANG_WARN_QUOTED_INCLUDE_IN_FRAMEWORK_HEADER = YES;
				CLANG_WARN_RANGE_LOOP_ANALYSIS = YES;
				CLANG_WARN_STRICT_PROTOTYPES = YES;
				CLANG_WARN_SUSPICIOUS_MOVE = YES;
				CLANG_WARN_UNGUARDED_AVAILABILITY = YES_AGGRESSIVE;
				CLANG_WARN_UNREACHABLE_CODE = YES;
				CLANG_WARN__DUPLICATE_METHOD_MATCH = YES;
				COPY_PHASE_STRIP = NO;
				DEBUG_INFORMATION_FORMAT = dwarf;
				ENABLE_STRICT_OBJC_MSGSEND = YES;
				ENABLE_TESTABILITY = YES;
				ENABLE_USER_SCRIPT_SANDBOXING = YES;
				GCC_C_LANGUAGE_STANDARD = gnu17;
				GCC_DYNAMIC_NO_PIC = NO;
				GCC_NO_COMMON_BLOCKS = YES;
				GCC_OPTIMIZATION_LEVEL = 0;
				GCC_PREPROCESSOR_DEFINITIONS = (
					"DEBUG=1",
					"$(inherited)",
				);
				GCC_WARN_64_TO_32_BIT_CONVERSION = YES;
				GCC_WARN_ABOUT_RETURN_TYPE = YES_ERROR;
				GCC_WARN_UNDECLARED_SELECTOR = YES;
				GCC_WARN_UNINITIALIZED_AUTOS = YES_AGGRESSIVE;
				GCC_WARN_UNUSED_FUNCTION = YES;
				GCC_WARN_UNUSED_VARIABLE = YES;
				IPHONEOS_DEPLOYMENT_TARGET = 18.1;
				LOCALIZATION_PREFERS_STRING_CATALOGS = YES;
				MTL_ENABLE_DEBUG_INFO = INCLUDE_SOURCE;
				MTL_FAST_MATH = YES;
				ONLY_ACTIVE_ARCH = YES;
				SDKROOT = iphoneos;
				SWIFT_ACTIVE_COMPILATION_CONDITIONS = "DEBUG $(inherited)";
				SWIFT_OPTIMIZATION_LEVEL = "-Onone";
			};
			name = Debug;
		};
		F50703A62CFABC0E00D0817A /* Release */ = {
			isa = XCBuildConfiguration;
			buildSettings = {
				ALWAYS_SEARCH_USER_PATHS = NO;
				ASSETCATALOG_COMPILER_GENERATE_SWIFT_ASSET_SYMBOL_EXTENSIONS = YES;
				CLANG_ANALYZER_NONNULL = YES;
				CLANG_ANALYZER_NUMBER_OBJECT_CONVERSION = YES_AGGRESSIVE;
				CLANG_CXX_LANGUAGE_STANDARD = "gnu++20";
				CLANG_ENABLE_MODULES = YES;
				CLANG_ENABLE_OBJC_ARC = YES;
				CLANG_ENABLE_OBJC_WEAK = YES;
				CLANG_WARN_BLOCK_CAPTURE_AUTORELEASING = YES;
				CLANG_WARN_BOOL_CONVERSION = YES;
				CLANG_WARN_COMMA = YES;
				CLANG_WARN_CONSTANT_CONVERSION = YES;
				CLANG_WARN_DEPRECATED_OBJC_IMPLEMENTATIONS = YES;
				CLANG_WARN_DIRECT_OBJC_ISA_USAGE = YES_ERROR;
				CLANG_WARN_DOCUMENTATION_COMMENTS = YES;
				CLANG_WARN_EMPTY_BODY = YES;
				CLANG_WARN_ENUM_CONVERSION = YES;
				CLANG_WARN_INFINITE_RECURSION = YES;
				CLANG_WARN_INT_CONVERSION = YES;
				CLANG_WARN_NON_LITERAL_NULL_CONVERSION = YES;
				CLANG_WARN_OBJC_IMPLICIT_RETAIN_SELF = YES;
				CLANG_WARN_OBJC_LITERAL_CONVERSION = YES;
				CLANG_WARN_OBJC_ROOT_CLASS = YES_ERROR;
				CLANG_WARN_QUOTED_INCLUDE_IN_FRAMEWORK_HEADER = YES;
				CLANG_WARN_RANGE_LOOP_ANALYSIS = YES;
				CLANG_WARN_STRICT_PROTOTYPES = YES;
				CLANG_WARN_SUSPICIOUS_MOVE = YES;
				CLANG_WARN_UNGUARDED_AVAILABILITY = YES_AGGRESSIVE;
				CLANG_WARN_UNREACHABLE_CODE = YES;
				CLANG_WARN__DUPLICATE_METHOD_MATCH = YES;
				COPY_PHASE_STRIP = NO;
				DEBUG_INFORMATION_FORMAT = "dwarf-with-dsym";
				ENABLE_NS_ASSERTIONS = NO;
				ENABLE_STRICT_OBJC_MSGSEND = YES;
				ENABLE_USER_SCRIPT_SANDBOXING = YES;
				GCC_C_LANGUAGE_STANDARD = gnu17;
				GCC_NO_COMMON_BLOCKS = YES;
				GCC_WARN_64_TO_32_BIT_CONVERSION = YES;
				GCC_WARN_ABOUT_RETURN_TYPE = YES_ERROR;
				GCC_WARN_UNDECLARED_SELECTOR = YES;
				GCC_WARN_UNINITIALIZED_AUTOS = YES_AGGRESSIVE;
				GCC_WARN_UNUSED_FUNCTION = YES;
				GCC_WARN_UNUSED_VARIABLE = YES;
				IPHONEOS_DEPLOYMENT_TARGET = 18.1;
				LOCALIZATION_PREFERS_STRING_CATALOGS = YES;
				MTL_ENABLE_DEBUG_INFO = NO;
				MTL_FAST_MATH = YES;
				SDKROOT = iphoneos;
				SWIFT_COMPILATION_MODE = wholemodule;
				VALIDATE_PRODUCT = YES;
			};
			name = Release;
		};
		F50703A82CFABC0E00D0817A /* Debug */ = {
			isa = XCBuildConfiguration;
			buildSettings = {
				ASSETCATALOG_COMPILER_APPICON_NAME = AppIcon;
				ASSETCATALOG_COMPILER_GLOBAL_ACCENT_COLOR_NAME = AccentColor;
				CODE_SIGN_STYLE = Automatic;
				CURRENT_PROJECT_VERSION = 1;
				DEVELOPMENT_ASSET_PATHS = "\"ToMyongJi-iOS/Resources/Preview Content\"";
				DEVELOPMENT_TEAM = Q576T6797N;
				ENABLE_PREVIEWS = YES;
				GENERATE_INFOPLIST_FILE = YES;
				INFOPLIST_FILE = "ToMyongJi-iOS/Info.plist";
				INFOPLIST_KEY_UIApplicationSceneManifest_Generation = YES;
				INFOPLIST_KEY_UIApplicationSupportsIndirectInputEvents = YES;
				INFOPLIST_KEY_UILaunchScreen_Generation = YES;
				INFOPLIST_KEY_UISupportedInterfaceOrientations_iPad = "UIInterfaceOrientationPortrait UIInterfaceOrientationPortraitUpsideDown UIInterfaceOrientationLandscapeLeft UIInterfaceOrientationLandscapeRight";
				INFOPLIST_KEY_UISupportedInterfaceOrientations_iPhone = "UIInterfaceOrientationPortrait UIInterfaceOrientationLandscapeLeft UIInterfaceOrientationLandscapeRight";
				INFOPLIST_KEY_UIUserInterfaceStyle = Light;
				LD_RUNPATH_SEARCH_PATHS = (
					"$(inherited)",
					"@executable_path/Frameworks",
				);
				MARKETING_VERSION = 1.0;
				PRODUCT_BUNDLE_IDENTIFIER = "com.JunKyuLee.ToMyongJi-iOS";
				PRODUCT_NAME = "$(TARGET_NAME)";
				SWIFT_EMIT_LOC_STRINGS = YES;
				SWIFT_VERSION = 5.0;
				TARGETED_DEVICE_FAMILY = "1,2";
			};
			name = Debug;
		};
		F50703A92CFABC0E00D0817A /* Release */ = {
			isa = XCBuildConfiguration;
			buildSettings = {
				ASSETCATALOG_COMPILER_APPICON_NAME = AppIcon;
				ASSETCATALOG_COMPILER_GLOBAL_ACCENT_COLOR_NAME = AccentColor;
				CODE_SIGN_STYLE = Automatic;
				CURRENT_PROJECT_VERSION = 1;
				DEVELOPMENT_ASSET_PATHS = "\"ToMyongJi-iOS/Resources/Preview Content\"";
				DEVELOPMENT_TEAM = Q576T6797N;
				ENABLE_PREVIEWS = YES;
				GENERATE_INFOPLIST_FILE = YES;
				INFOPLIST_FILE = "ToMyongJi-iOS/Info.plist";
				INFOPLIST_KEY_UIApplicationSceneManifest_Generation = YES;
				INFOPLIST_KEY_UIApplicationSupportsIndirectInputEvents = YES;
				INFOPLIST_KEY_UILaunchScreen_Generation = YES;
				INFOPLIST_KEY_UISupportedInterfaceOrientations_iPad = "UIInterfaceOrientationPortrait UIInterfaceOrientationPortraitUpsideDown UIInterfaceOrientationLandscapeLeft UIInterfaceOrientationLandscapeRight";
				INFOPLIST_KEY_UISupportedInterfaceOrientations_iPhone = "UIInterfaceOrientationPortrait UIInterfaceOrientationLandscapeLeft UIInterfaceOrientationLandscapeRight";
				INFOPLIST_KEY_UIUserInterfaceStyle = Light;
				LD_RUNPATH_SEARCH_PATHS = (
					"$(inherited)",
					"@executable_path/Frameworks",
				);
				MARKETING_VERSION = 1.0;
				PRODUCT_BUNDLE_IDENTIFIER = "com.JunKyuLee.ToMyongJi-iOS";
				PRODUCT_NAME = "$(TARGET_NAME)";
				SWIFT_EMIT_LOC_STRINGS = YES;
				SWIFT_VERSION = 5.0;
				TARGETED_DEVICE_FAMILY = "1,2";
			};
			name = Release;
		};
/* End XCBuildConfiguration section */

/* Begin XCConfigurationList section */
		F50703942CFABC0D00D0817A /* Build configuration list for PBXProject "ToMyongJi-iOS" */ = {
			isa = XCConfigurationList;
			buildConfigurations = (
				F50703A52CFABC0E00D0817A /* Debug */,
				F50703A62CFABC0E00D0817A /* Release */,
			);
			defaultConfigurationIsVisible = 0;
			defaultConfigurationName = Release;
		};
		F50703A72CFABC0E00D0817A /* Build configuration list for PBXNativeTarget "ToMyongJi-iOS" */ = {
			isa = XCConfigurationList;
			buildConfigurations = (
				F50703A82CFABC0E00D0817A /* Debug */,
				F50703A92CFABC0E00D0817A /* Release */,
			);
			defaultConfigurationIsVisible = 0;
			defaultConfigurationName = Release;
		};
/* End XCConfigurationList section */

/* Begin XCRemoteSwiftPackageReference section */
		F59C3A0F2CFB28D6002AD9DA /* XCRemoteSwiftPackageReference "Alamofire" */ = {
			isa = XCRemoteSwiftPackageReference;
			repositoryURL = "https://github.com/Alamofire/Alamofire.git";
			requirement = {
				kind = upToNextMajorVersion;
				minimumVersion = 5.10.2;
			};
		};
		F59C3A122CFB2C58002AD9DA /* XCRemoteSwiftPackageReference "Nuke" */ = {
			isa = XCRemoteSwiftPackageReference;
			repositoryURL = "https://github.com/kean/Nuke";
			requirement = {
				kind = upToNextMajorVersion;
				minimumVersion = 12.8.0;
			};
		};
/* End XCRemoteSwiftPackageReference section */

/* Begin XCSwiftPackageProductDependency section */
		F59C3A102CFB28D6002AD9DA /* Alamofire */ = {
			isa = XCSwiftPackageProductDependency;
			package = F59C3A0F2CFB28D6002AD9DA /* XCRemoteSwiftPackageReference "Alamofire" */;
			productName = Alamofire;
		};
		F59C3A132CFB2C58002AD9DA /* Nuke */ = {
			isa = XCSwiftPackageProductDependency;
			package = F59C3A122CFB2C58002AD9DA /* XCRemoteSwiftPackageReference "Nuke" */;
			productName = Nuke;
		};
		F59C3A152CFB2C58002AD9DA /* NukeUI */ = {
			isa = XCSwiftPackageProductDependency;
			package = F59C3A122CFB2C58002AD9DA /* XCRemoteSwiftPackageReference "Nuke" */;
			productName = NukeUI;
		};
/* End XCSwiftPackageProductDependency section */
	};
	rootObject = F50703912CFABC0D00D0817A /* Project object */;
}
